
Microsoft Visual Studio Solution File, Format Version 12.00
# Visual Studio Version 17
VisualStudioVersion = 17.14.36221.1 d17.14
MinimumVisualStudioVersion = 10.0.40219.1
Project("{FAE04EC0-301F-11D3-BF4B-00C04F79EFBC}") = "JwtAuthApi", "JwtAuthApi\JwtAuthApi.csproj", "{6C5A15AB-B3FC-4A1A-8E81-C8D253618C38}"
EndProject
Global
	GlobalSection(SolutionConfigurationPlatforms) = preSolution
		Debug|Any CPU = Debug|Any CPU
		Release|Any CPU = Release|Any CPU
	EndGlobalSection
	GlobalSection(ProjectConfigurationPlatforms) = postSolution
		{6C5A15AB-B3FC-4A1A-8E81-C8D253618C38}.Debug|Any CPU.ActiveCfg = Debug|Any CPU
		{6C5A15AB-B3FC-4A1A-8E81-C8D253618C38}.Debug|Any CPU.Build.0 = Debug|Any CPU
		{6C5A15AB-B3FC-4A1A-8E81-C8D253618C38}.Release|Any CPU.ActiveCfg = Release|Any CPU
		{6C5A15AB-B3FC-4A1A-8E81-C8D253618C38}.Release|Any CPU.Build.0 = Release|Any CPU
	EndGlobalSection
	GlobalSection(SolutionProperties) = preSolution
		HideSolutionNode = FALSE
	EndGlobalSection
	GlobalSection(ExtensibilityGlobals) = postSolution
		SolutionGuid = {32B0FDC9-4512-46FE-9EC0-692313DC4F39}
	EndGlobalSection
EndGlobal
