
Microsoft Visual Studio Solution File, Format Version 12.00
# Visual Studio Version 17
VisualStudioVersion = 17.14.36221.1 d17.14
MinimumVisualStudioVersion = 10.0.40219.1
Project("{FAE04EC0-301F-11D3-BF4B-00C04F79EFBC}") = "EmployeeApiWithFilters", "EmployeeApiWithFilters\EmployeeApiWithFilters.csproj", "{B92C59EF-D41F-413C-8BFE-CA6908ED0C92}"
EndProject
Global
	GlobalSection(SolutionConfigurationPlatforms) = preSolution
		Debug|Any CPU = Debug|Any CPU
		Release|Any CPU = Release|Any CPU
	EndGlobalSection
	GlobalSection(ProjectConfigurationPlatforms) = postSolution
		{B92C59EF-D41F-413C-8BFE-CA6908ED0C92}.Debug|Any CPU.ActiveCfg = Debug|Any CPU
		{B92C59EF-D41F-413C-8BFE-CA6908ED0C92}.Debug|Any CPU.Build.0 = Debug|Any CPU
		{B92C59EF-D41F-413C-8BFE-CA6908ED0C92}.Release|Any CPU.ActiveCfg = Release|Any CPU
		{B92C59EF-D41F-413C-8BFE-CA6908ED0C92}.Release|Any CPU.Build.0 = Release|Any CPU
	EndGlobalSection
	GlobalSection(SolutionProperties) = preSolution
		HideSolutionNode = FALSE
	EndGlobalSection
	GlobalSection(ExtensibilityGlobals) = postSolution
		SolutionGuid = {F937358B-B4B5-4C25-9E85-E89ACE52A3B6}
	EndGlobalSection
EndGlobal
